// !$*UTF8*$!
{
	archiveVersion = 1;
	classes = {
	};
	objectVersion = 46;
	objects = {

/* Begin PBXBuildFile section */
		9AA853581964F68F000B074F /* Foundation.framework in Frameworks */ = {isa = PBXBuildFile; fileRef = 9AA853571964F68F000B074F /* Foundation.framework */; };
		9AA8535A1964F68F000B074F /* CoreGraphics.framework in Frameworks */ = {isa = PBXBuildFile; fileRef = 9AA853591964F68F000B074F /* CoreGraphics.framework */; };
		9AA8535C1964F68F000B074F /* UIKit.framework in Frameworks */ = {isa = PBXBuildFile; fileRef = 9AA8535B1964F68F000B074F /* UIKit.framework */; };
		9AA853621964F68F000B074F /* InfoPlist.strings in Resources */ = {isa = PBXBuildFile; fileRef = 9AA853601964F68F000B074F /* InfoPlist.strings */; };
		9AA853641964F68F000B074F /* main.m in Sources */ = {isa = PBXBuildFile; fileRef = 9AA853631964F68F000B074F /* main.m */; };
		9AA853681964F68F000B074F /* AppDelegate.m in Sources */ = {isa = PBXBuildFile; fileRef = 9AA853671964F68F000B074F /* AppDelegate.m */; };
		9AA8536B1964F68F000B074F /* Main_iPhone.storyboard in Resources */ = {isa = PBXBuildFile; fileRef = 9AA853691964F68F000B074F /* Main_iPhone.storyboard */; };
		9AA8536E1964F68F000B074F /* Main_iPad.storyboard in Resources */ = {isa = PBXBuildFile; fileRef = 9AA8536C1964F68F000B074F /* Main_iPad.storyboard */; };
		9AA853711964F68F000B074F /* ViewController.m in Sources */ = {isa = PBXBuildFile; fileRef = 9AA853701964F68F000B074F /* ViewController.m */; };
		9AA853731964F68F000B074F /* Images.xcassets in Resources */ = {isa = PBXBuildFile; fileRef = 9AA853721964F68F000B074F /* Images.xcassets */; };
		9AC90B7B1965096E00CAA6CA /* libtwp2p.a in Frameworks */ = {isa = PBXBuildFile; fileRef = 9AC90B7A1965096E00CAA6CA /* libtwp2p.a */; };
/* End PBXBuildFile section */

/* Begin PBXFileReference section */
		9AA853541964F68F000B074F /* UDPHolePunching.app */ = {isa = PBXFileReference; explicitFileType = wrapper.application; includeInIndex = 0; path = UDPHolePunching.app; sourceTree = BUILT_PRODUCTS_DIR; };
		9AA853571964F68F000B074F /* Foundation.framework */ = {isa = PBXFileReference; lastKnownFileType = wrapper.framework; name = Foundation.framework; path = System/Library/Frameworks/Foundation.framework; sourceTree = SDKROOT; };
		9AA853591964F68F000B074F /* CoreGraphics.framework */ = {isa = PBXFileReference; lastKnownFileType = wrapper.framework; name = CoreGraphics.framework; path = System/Library/Frameworks/CoreGraphics.framework; sourceTree = SDKROOT; };
		9AA8535B1964F68F000B074F /* UIKit.framework */ = {isa = PBXFileReference; lastKnownFileType = wrapper.framework; name = UIKit.framework; path = System/Library/Frameworks/UIKit.framework; sourceTree = SDKROOT; };
		9AA8535F1964F68F000B074F /* UDPHolePunching-Info.plist */ = {isa = PBXFileReference; lastKnownFileType = text.plist.xml; path = "UDPHolePunching-Info.plist"; sourceTree = "<group>"; };
		9AA853611964F68F000B074F /* en */ = {isa = PBXFileReference; lastKnownFileType = text.plist.strings; name = en; path = en.lproj/InfoPlist.strings; sourceTree = "<group>"; };
		9AA853631964F68F000B074F /* main.m */ = {isa = PBXFileReference; lastKnownFileType = sourcecode.c.objc; path = main.m; sourceTree = "<group>"; };
		9AA853651964F68F000B074F /* UDPHolePunching-Prefix.pch */ = {isa = PBXFileReference; lastKnownFileType = sourcecode.c.h; path = "UDPHolePunching-Prefix.pch"; sourceTree = "<group>"; };
		9AA853661964F68F000B074F /* AppDelegate.h */ = {isa = PBXFileReference; lastKnownFileType = sourcecode.c.h; path = AppDelegate.h; sourceTree = "<group>"; };
		9AA853671964F68F000B074F /* AppDelegate.m */ = {isa = PBXFileReference; lastKnownFileType = sourcecode.c.objc; path = AppDelegate.m; sourceTree = "<group>"; };
		9AA8536A1964F68F000B074F /* Base */ = {isa = PBXFileReference; lastKnownFileType = file.storyboard; name = Base; path = Base.lproj/Main_iPhone.storyboard; sourceTree = "<group>"; };
		9AA8536D1964F68F000B074F /* Base */ = {isa = PBXFileReference; lastKnownFileType = file.storyboard; name = Base; path = Base.lproj/Main_iPad.storyboard; sourceTree = "<group>"; };
		9AA8536F1964F68F000B074F /* ViewController.h */ = {isa = PBXFileReference; lastKnownFileType = sourcecode.c.h; path = ViewController.h; sourceTree = "<group>"; };
		9AA853701964F68F000B074F /* ViewController.m */ = {isa = PBXFileReference; lastKnownFileType = sourcecode.c.objc; path = ViewController.m; sourceTree = "<group>"; };
		9AA853721964F68F000B074F /* Images.xcassets */ = {isa = PBXFileReference; lastKnownFileType = folder.assetcatalog; path = Images.xcassets; sourceTree = "<group>"; };
		9AA853791964F68F000B074F /* XCTest.framework */ = {isa = PBXFileReference; lastKnownFileType = wrapper.framework; name = XCTest.framework; path = Library/Frameworks/XCTest.framework; sourceTree = DEVELOPER_DIR; };
		9AAC96B51965232E00A09BA8 /* libtwp2p.h */ = {isa = PBXFileReference; fileEncoding = 4; lastKnownFileType = sourcecode.c.h; name = libtwp2p.h; path = /Users/liaokuohsun/Work/UDPHolePunching/twp2p/twp2p/../../src/libtwp2p.h; sourceTree = "<absolute>"; };
		9AC90B7A1965096E00CAA6CA /* libtwp2p.a */ = {isa = PBXFileReference; lastKnownFileType = archive.ar; name = libtwp2p.a; path = "../twp2p/build/Debug-iphoneos/libtwp2p.a"; sourceTree = "<group>"; };
/* End PBXFileReference section */

/* Begin PBXFrameworksBuildPhase section */
		9AA853511964F68F000B074F /* Frameworks */ = {
			isa = PBXFrameworksBuildPhase;
			buildActionMask = 2147483647;
			files = (
				9AC90B7B1965096E00CAA6CA /* libtwp2p.a in Frameworks */,
				9AA8535A1964F68F000B074F /* CoreGraphics.framework in Frameworks */,
				9AA8535C1964F68F000B074F /* UIKit.framework in Frameworks */,
				9AA853581964F68F000B074F /* Foundation.framework in Frameworks */,
			);
			runOnlyForDeploymentPostprocessing = 0;
		};
/* End PBXFrameworksBuildPhase section */

/* Begin PBXGroup section */
		9AA8534B1964F68F000B074F = {
			isa = PBXGroup;
			children = (
				9AA8535D1964F68F000B074F /* UDPHolePunching */,
				9AA853561964F68F000B074F /* Frameworks */,
				9AA853551964F68F000B074F /* Products */,
			);
			sourceTree = "<group>";
		};
		9AA853551964F68F000B074F /* Products */ = {
			isa = PBXGroup;
			children = (
				9AA853541964F68F000B074F /* UDPHolePunching.app */,
			);
			name = Products;
			sourceTree = "<group>";
		};
		9AA853561964F68F000B074F /* Frameworks */ = {
			isa = PBXGroup;
			children = (
				9AC90B7A1965096E00CAA6CA /* libtwp2p.a */,
				9AA853571964F68F000B074F /* Foundation.framework */,
				9AA853591964F68F000B074F /* CoreGraphics.framework */,
				9AA8535B1964F68F000B074F /* UIKit.framework */,
				9AA853791964F68F000B074F /* XCTest.framework */,
			);
			name = Frameworks;
			sourceTree = "<group>";
		};
		9AA8535D1964F68F000B074F /* UDPHolePunching */ = {
			isa = PBXGroup;
			children = (
				9AAC96B51965232E00A09BA8 /* libtwp2p.h */,
				9AA853661964F68F000B074F /* AppDelegate.h */,
				9AA853671964F68F000B074F /* AppDelegate.m */,
				9AA853691964F68F000B074F /* Main_iPhone.storyboard */,
				9AA8536C1964F68F000B074F /* Main_iPad.storyboard */,
				9AA8536F1964F68F000B074F /* ViewController.h */,
				9AA853701964F68F000B074F /* ViewController.m */,
				9AA853721964F68F000B074F /* Images.xcassets */,
				9AA8535E1964F68F000B074F /* Supporting Files */,
			);
			path = UDPHolePunching;
			sourceTree = "<group>";
		};
		9AA8535E1964F68F000B074F /* Supporting Files */ = {
			isa = PBXGroup;
			children = (
				9AA8535F1964F68F000B074F /* UDPHolePunching-Info.plist */,
				9AA853601964F68F000B074F /* InfoPlist.strings */,
				9AA853631964F68F000B074F /* main.m */,
				9AA853651964F68F000B074F /* UDPHolePunching-Prefix.pch */,
			);
			name = "Supporting Files";
			sourceTree = "<group>";
		};
/* End PBXGroup section */

/* Begin PBXNativeTarget section */
		9AA853531964F68F000B074F /* UDPHolePunching */ = {
			isa = PBXNativeTarget;
			buildConfigurationList = 9AA853891964F68F000B074F /* Build configuration list for PBXNativeTarget "UDPHolePunching" */;
			buildPhases = (
				9AA853501964F68F000B074F /* Sources */,
				9AA853511964F68F000B074F /* Frameworks */,
				9AA853521964F68F000B074F /* Resources */,
			);
			buildRules = (
			);
			dependencies = (
			);
			name = UDPHolePunching;
			productName = UDPHolePunching;
			productReference = 9AA853541964F68F000B074F /* UDPHolePunching.app */;
			productType = "com.apple.product-type.application";
		};
/* End PBXNativeTarget section */

/* Begin PBXProject section */
		9AA8534C1964F68F000B074F /* Project object */ = {
			isa = PBXProject;
			attributes = {
				LastUpgradeCheck = 0510;
				ORGANIZATIONNAME = "Liao KuoHsun";
			};
			buildConfigurationList = 9AA8534F1964F68F000B074F /* Build configuration list for PBXProject "UDPHolePunching" */;
			compatibilityVersion = "Xcode 3.2";
			developmentRegion = English;
			hasScannedForEncodings = 0;
			knownRegions = (
				en,
				Base,
			);
			mainGroup = 9AA8534B1964F68F000B074F;
			productRefGroup = 9AA853551964F68F000B074F /* Products */;
			projectDirPath = "";
			projectRoot = "";
			targets = (
				9AA853531964F68F000B074F /* UDPHolePunching */,
			);
		};
/* End PBXProject section */

/* Begin PBXResourcesBuildPhase section */
		9AA853521964F68F000B074F /* Resources */ = {
			isa = PBXResourcesBuildPhase;
			buildActionMask = 2147483647;
			files = (
				9AA8536E1964F68F000B074F /* Main_iPad.storyboard in Resources */,
				9AA853731964F68F000B074F /* Images.xcassets in Resources */,
				9AA8536B1964F68F000B074F /* Main_iPhone.storyboard in Resources */,
				9AA853621964F68F000B074F /* InfoPlist.strings in Resources */,
			);
			runOnlyForDeploymentPostprocessing = 0;
		};
/* End PBXResourcesBuildPhase section */

/* Begin PBXSourcesBuildPhase section */
		9AA853501964F68F000B074F /* Sources */ = {
			isa = PBXSourcesBuildPhase;
			buildActionMask = 2147483647;
			files = (
				9AA853711964F68F000B074F /* ViewController.m in Sources */,
				9AA853681964F68F000B074F /* AppDelegate.m in Sources */,
				9AA853641964F68F000B074F /* main.m in Sources */,
			);
			runOnlyForDeploymentPostprocessing = 0;
		};
/* End PBXSourcesBuildPhase section */

/* Begin PBXVariantGroup section */
		9AA853601964F68F000B074F /* InfoPlist.strings */ = {
			isa = PBXVariantGroup;
			children = (
				9AA853611964F68F000B074F /* en */,
			);
			name = InfoPlist.strings;
			sourceTree = "<group>";
		};
		9AA853691964F68F000B074F /* Main_iPhone.storyboard */ = {
			isa = PBXVariantGroup;
			children = (
				9AA8536A1964F68F000B074F /* Base */,
			);
			name = Main_iPhone.storyboard;
			sourceTree = "<group>";
		};
		9AA8536C1964F68F000B074F /* Main_iPad.storyboard */ = {
			isa = PBXVariantGroup;
			children = (
				9AA8536D1964F68F000B074F /* Base */,
			);
			name = Main_iPad.storyboard;
			sourceTree = "<group>";
		};
/* End PBXVariantGroup section */

/* Begin XCBuildConfiguration section */
		9AA853871964F68F000B074F /* Debug */ = {
			isa = XCBuildConfiguration;
			buildSettings = {
				ALWAYS_SEARCH_USER_PATHS = NO;
				CLANG_CXX_LANGUAGE_STANDARD = "gnu++0x";
				CLANG_CXX_LIBRARY = "libc++";
				CLANG_ENABLE_MODULES = YES;
				CLANG_ENABLE_OBJC_ARC = YES;
				CLANG_WARN_BOOL_CONVERSION = YES;
				CLANG_WARN_CONSTANT_CONVERSION = YES;
				CLANG_WARN_DIRECT_OBJC_ISA_USAGE = YES_ERROR;
				CLANG_WARN_EMPTY_BODY = YES;
				CLANG_WARN_ENUM_CONVERSION = YES;
				CLANG_WARN_INT_CONVERSION = YES;
				CLANG_WARN_OBJC_ROOT_CLASS = YES_ERROR;
				CLANG_WARN__DUPLICATE_METHOD_MATCH = YES;
				"CODE_SIGN_IDENTITY[sdk=iphoneos*]" = "iPhone Developer";
				COPY_PHASE_STRIP = NO;
				GCC_C_LANGUAGE_STANDARD = gnu99;
				GCC_DYNAMIC_NO_PIC = NO;
				GCC_OPTIMIZATION_LEVEL = 0;
				GCC_PREPROCESSOR_DEFINITIONS = (
					"DEBUG=1",
					"$(inherited)",
				);
				GCC_SYMBOLS_PRIVATE_EXTERN = NO;
				GCC_WARN_64_TO_32_BIT_CONVERSION = YES;
				GCC_WARN_ABOUT_RETURN_TYPE = YES_ERROR;
				GCC_WARN_UNDECLARED_SELECTOR = YES;
				GCC_WARN_UNINITIALIZED_AUTOS = YES_AGGRESSIVE;
				GCC_WARN_UNUSED_FUNCTION = YES;
				GCC_WARN_UNUSED_VARIABLE = YES;
				IPHONEOS_DEPLOYMENT_TARGET = 7.1;
				ONLY_ACTIVE_ARCH = YES;
				SDKROOT = iphoneos;
				TARGETED_DEVICE_FAMILY = "1,2";
			};
			name = Debug;
		};
		9AA853881964F68F000B074F /* Release */ = {
			isa = XCBuildConfiguration;
			buildSettings = {
				ALWAYS_SEARCH_USER_PATHS = NO;
				CLANG_CXX_LANGUAGE_STANDARD = "gnu++0x";
				CLANG_CXX_LIBRARY = "libc++";
				CLANG_ENABLE_MODULES = YES;
				CLANG_ENABLE_OBJC_ARC = YES;
				CLANG_WARN_BOOL_CONVERSION = YES;
				CLANG_WARN_CONSTANT_CONVERSION = YES;
				CLANG_WARN_DIRECT_OBJC_ISA_USAGE = YES_ERROR;
				CLANG_WARN_EMPTY_BODY = YES;
				CLANG_WARN_ENUM_CONVERSION = YES;
				CLANG_WARN_INT_CONVERSION = YES;
				CLANG_WARN_OBJC_ROOT_CLASS = YES_ERROR;
				CLANG_WARN__DUPLICATE_METHOD_MATCH = YES;
				"CODE_SIGN_IDENTITY[sdk=iphoneos*]" = "iPhone Developer";
				COPY_PHASE_STRIP = YES;
				ENABLE_NS_ASSERTIONS = NO;
				GCC_C_LANGUAGE_STANDARD = gnu99;
				GCC_WARN_64_TO_32_BIT_CONVERSION = YES;
				GCC_WARN_ABOUT_RETURN_TYPE = YES_ERROR;
				GCC_WARN_UNDECLARED_SELECTOR = YES;
				GCC_WARN_UNINITIALIZED_AUTOS = YES_AGGRESSIVE;
				GCC_WARN_UNUSED_FUNCTION = YES;
				GCC_WARN_UNUSED_VARIABLE = YES;
				IPHONEOS_DEPLOYMENT_TARGET = 7.1;
				SDKROOT = iphoneos;
				TARGETED_DEVICE_FAMILY = "1,2";
				VALIDATE_PRODUCT = YES;
			};
			name = Release;
		};
		9AA8538A1964F68F000B074F /* Debug */ = {
			isa = XCBuildConfiguration;
			buildSettings = {
				ASSETCATALOG_COMPILER_APPICON_NAME = AppIcon;
				ASSETCATALOG_COMPILER_LAUNCHIMAGE_NAME = LaunchImage;
				GCC_PRECOMPILE_PREFIX_HEADER = YES;
				GCC_PREFIX_HEADER = "UDPHolePunching/UDPHolePunching-Prefix.pch";
				INFOPLIST_FILE = "UDPHolePunching/UDPHolePunching-Info.plist";
				LIBRARY_SEARCH_PATHS = (
					"$(inherited)",
					"/Users/liaokuohsun/Work/UDPHolePunching/twp2p/build/Debug-iphoneos",
				);
				PRODUCT_NAME = "$(TARGET_NAME)";
				WRAPPER_EXTENSION = app;
			};
			name = Debug;
		};
		9AA8538B1964F68F000B074F /* Release */ = {
			isa = XCBuildConfiguration;
			buildSettings = {
				ASSETCATALOG_COMPILER_APPICON_NAME = AppIcon;
				ASSETCATALOG_COMPILER_LAUNCHIMAGE_NAME = LaunchImage;
				GCC_PRECOMPILE_PREFIX_HEADER = YES;
				GCC_PREFIX_HEADER = "UDPHolePunching/UDPHolePunching-Prefix.pch";
				INFOPLIST_FILE = "UDPHolePunching/UDPHolePunching-Info.plist";
				LIBRARY_SEARCH_PATHS = (
					"$(inherited)",
					"/Users/liaokuohsun/Work/UDPHolePunching/twp2p/build/Debug-iphoneos",
				);
				PRODUCT_NAME = "$(TARGET_NAME)";
				WRAPPER_EXTENSION = app;
			};
			name = Release;
		};
/* End XCBuildConfiguration section */

/* Begin XCConfigurationList section */
		9AA8534F1964F68F000B074F /* Build configuration list for PBXProject "UDPHolePunching" */ = {
			isa = XCConfigurationList;
			buildConfigurations = (
				9AA853871964F68F000B074F /* Debug */,
				9AA853881964F68F000B074F /* Release */,
			);
			defaultConfigurationIsVisible = 0;
			defaultConfigurationName = Release;
		};
		9AA853891964F68F000B074F /* Build configuration list for PBXNativeTarget "UDPHolePunching" */ = {
			isa = XCConfigurationList;
			buildConfigurations = (
				9AA8538A1964F68F000B074F /* Debug */,
				9AA8538B1964F68F000B074F /* Release */,
			);
			defaultConfigurationIsVisible = 0;
			defaultConfigurationName = Release;
		};
/* End XCConfigurationList section */
	};
	rootObject = 9AA8534C1964F68F000B074F /* Project object */;
}
